
Microsoft Visual Studio Solution File, Format Version 12.00
# Visual Studio Version 17
VisualStudioVersion = 17.4.33122.133
MinimumVisualStudioVersion = 10.0.40219.1
Project("{FAE04EC0-301F-11D3-BF4B-00C04F79EFBC}") = "GraphqlApiOld", "GraphqlApiOld\GraphqlApiOld.csproj", "{D232BE13-5865-4F2A-A593-B83D586B4665}"
EndProject
Global
	GlobalSection(SolutionConfigurationPlatforms) = preSolution
		Debug|Any CPU = Debug|Any CPU
		Release|Any CPU = Release|Any CPU
	EndGlobalSection
	GlobalSection(ProjectConfigurationPlatforms) = postSolution
		{D232BE13-5865-4F2A-A593-B83D586B4665}.Debug|Any CPU.ActiveCfg = Debug|Any CPU
		{D232BE13-5865-4F2A-A593-B83D586B4665}.Debug|Any CPU.Build.0 = Debug|Any CPU
		{D232BE13-5865-4F2A-A593-B83D586B4665}.Release|Any CPU.ActiveCfg = Release|Any CPU
		{D232BE13-5865-4F2A-A593-B83D586B4665}.Release|Any CPU.Build.0 = Release|Any CPU
	EndGlobalSection
	GlobalSection(SolutionProperties) = preSolution
		HideSolutionNode = FALSE
	EndGlobalSection
	GlobalSection(ExtensibilityGlobals) = postSolution
		SolutionGuid = {603F883A-6E66-4EF4-BE3B-FDDFE5FCC926}
	EndGlobalSection
EndGlobal
